
Microsoft Visual Studio Solution File, Format Version 12.00
# Visual Studio Version 17
VisualStudioVersion = 17.4.33213.308
MinimumVisualStudioVersion = 10.0.40219.1
Project("{FAE04EC0-301F-11D3-BF4B-00C04F79EFBC}") = "1Milestone", "1Milestone\1Milestone.csproj", "{9BA21AFC-4999-4E37-8FF2-F2812F52B620}"
EndProject
Global
	GlobalSection(SolutionConfigurationPlatforms) = preSolution
		Debug|Any CPU = Debug|Any CPU
		Release|Any CPU = Release|Any CPU
	EndGlobalSection
	GlobalSection(ProjectConfigurationPlatforms) = postSolution
		{9BA21AFC-4999-4E37-8FF2-F2812F52B620}.Debug|Any CPU.ActiveCfg = Debug|Any CPU
		{9BA21AFC-4999-4E37-8FF2-F2812F52B620}.Debug|Any CPU.Build.0 = Debug|Any CPU
		{9BA21AFC-4999-4E37-8FF2-F2812F52B620}.Release|Any CPU.ActiveCfg = Release|Any CPU
		{9BA21AFC-4999-4E37-8FF2-F2812F52B620}.Release|Any CPU.Build.0 = Release|Any CPU
	EndGlobalSection
	GlobalSection(SolutionProperties) = preSolution
		HideSolutionNode = FALSE
	EndGlobalSection
	GlobalSection(ExtensibilityGlobals) = postSolution
		SolutionGuid = {5B93066E-6287-4D7E-A2CC-3128CCFADCA2}
	EndGlobalSection
EndGlobal
